
Microsoft Visual Studio Solution File, Format Version 12.00
# Visual Studio 15
VisualStudioVersion = 15.0.27130.2036
MinimumVisualStudioVersion = 10.0.40219.1
Project("{FAE04EC0-301F-11D3-BF4B-00C04F79EFBC}") = "RestService", "RestService\RestService.csproj", "{35AC41DE-39B8-40FE-9EA4-2BB4D234293A}"
EndProject
Global
	GlobalSection(SolutionConfigurationPlatforms) = preSolution
		Debug|Any CPU = Debug|Any CPU
		Release|Any CPU = Release|Any CPU
	EndGlobalSection
	GlobalSection(ProjectConfigurationPlatforms) = postSolution
		{35AC41DE-39B8-40FE-9EA4-2BB4D234293A}.Debug|Any CPU.ActiveCfg = Debug|Any CPU
		{35AC41DE-39B8-40FE-9EA4-2BB4D234293A}.Debug|Any CPU.Build.0 = Debug|Any CPU
		{35AC41DE-39B8-40FE-9EA4-2BB4D234293A}.Release|Any CPU.ActiveCfg = Release|Any CPU
		{35AC41DE-39B8-40FE-9EA4-2BB4D234293A}.Release|Any CPU.Build.0 = Release|Any CPU
	EndGlobalSection
	GlobalSection(SolutionProperties) = preSolution
		HideSolutionNode = FALSE
	EndGlobalSection
	GlobalSection(ExtensibilityGlobals) = postSolution
		SolutionGuid = {682C76B2-C47E-4630-AB32-87FD76E905DE}
	EndGlobalSection
EndGlobal
